
Microsoft Visual Studio Solution File, Format Version 12.00
# Visual Studio Version 16
VisualStudioVersion = 16.0.32002.261
MinimumVisualStudioVersion = 10.0.40219.1
Project("{9A19103F-16F7-4668-BE54-9A1E7A4F7556}") = "EduAPI", "EduAPI\EduAPI.csproj", "{66BE9677-38B8-42D4-90AD-9A355165422D}"
EndProject
Global
	GlobalSection(SolutionConfigurationPlatforms) = preSolution
		Debug|Any CPU = Debug|Any CPU
		Release|Any CPU = Release|Any CPU
	EndGlobalSection
	GlobalSection(ProjectConfigurationPlatforms) = postSolution
		{66BE9677-38B8-42D4-90AD-9A355165422D}.Debug|Any CPU.ActiveCfg = Debug|Any CPU
		{66BE9677-38B8-42D4-90AD-9A355165422D}.Debug|Any CPU.Build.0 = Debug|Any CPU
		{66BE9677-38B8-42D4-90AD-9A355165422D}.Release|Any CPU.ActiveCfg = Release|Any CPU
		{66BE9677-38B8-42D4-90AD-9A355165422D}.Release|Any CPU.Build.0 = Release|Any CPU
	EndGlobalSection
	GlobalSection(SolutionProperties) = preSolution
		HideSolutionNode = FALSE
	EndGlobalSection
	GlobalSection(ExtensibilityGlobals) = postSolution
		SolutionGuid = {91D1963A-8A85-44F4-BDD8-1B339CFB0E75}
	EndGlobalSection
EndGlobal
